
Microsoft Visual Studio Solution File, Format Version 12.00
# Visual Studio Version 17
VisualStudioVersion = 17.11.35222.181
MinimumVisualStudioVersion = 10.0.40219.1
Project("{FAE04EC0-301F-11D3-BF4B-00C04F79EFBC}") = "lab55", "lab55\lab55.csproj", "{F63BA93F-A2EC-47C6-B82F-1D817A9927A2}"
EndProject
Global
	GlobalSection(SolutionConfigurationPlatforms) = preSolution
		Debug|Any CPU = Debug|Any CPU
		Release|Any CPU = Release|Any CPU
	EndGlobalSection
	GlobalSection(ProjectConfigurationPlatforms) = postSolution
		{F63BA93F-A2EC-47C6-B82F-1D817A9927A2}.Debug|Any CPU.ActiveCfg = Debug|Any CPU
		{F63BA93F-A2EC-47C6-B82F-1D817A9927A2}.Debug|Any CPU.Build.0 = Debug|Any CPU
		{F63BA93F-A2EC-47C6-B82F-1D817A9927A2}.Release|Any CPU.ActiveCfg = Release|Any CPU
		{F63BA93F-A2EC-47C6-B82F-1D817A9927A2}.Release|Any CPU.Build.0 = Release|Any CPU
	EndGlobalSection
	GlobalSection(SolutionProperties) = preSolution
		HideSolutionNode = FALSE
	EndGlobalSection
	GlobalSection(ExtensibilityGlobals) = postSolution
		SolutionGuid = {36B3FB00-D93C-4FC2-8189-E247DEAF82D5}
	EndGlobalSection
EndGlobal
